
Microsoft Visual Studio Solution File, Format Version 12.00
# Visual Studio Version 17
VisualStudioVersion = 17.14.36221.1 d17.14
MinimumVisualStudioVersion = 10.0.40219.1
Project("{FAE04EC0-301F-11D3-BF4B-00C04F79EFBC}") = "MagicVila_API", "MagicVila_API\MagicVila_API.csproj", "{3CEA9A31-FC23-4360-B451-9597A8EF1E61}"
EndProject
Global
	GlobalSection(SolutionConfigurationPlatforms) = preSolution
		Debug|Any CPU = Debug|Any CPU
		Release|Any CPU = Release|Any CPU
	EndGlobalSection
	GlobalSection(ProjectConfigurationPlatforms) = postSolution
		{3CEA9A31-FC23-4360-B451-9597A8EF1E61}.Debug|Any CPU.ActiveCfg = Debug|Any CPU
		{3CEA9A31-FC23-4360-B451-9597A8EF1E61}.Debug|Any CPU.Build.0 = Debug|Any CPU
		{3CEA9A31-FC23-4360-B451-9597A8EF1E61}.Release|Any CPU.ActiveCfg = Release|Any CPU
		{3CEA9A31-FC23-4360-B451-9597A8EF1E61}.Release|Any CPU.Build.0 = Release|Any CPU
	EndGlobalSection
	GlobalSection(SolutionProperties) = preSolution
		HideSolutionNode = FALSE
	EndGlobalSection
	GlobalSection(ExtensibilityGlobals) = postSolution
		SolutionGuid = {6D100583-B4B7-4ECC-A0B2-7258A10D39C1}
	EndGlobalSection
EndGlobal
